
Microsoft Visual Studio Solution File, Format Version 12.00
# Visual Studio Version 17
VisualStudioVersion = 17.11.35312.102
MinimumVisualStudioVersion = 10.0.40219.1
Project("{FAE04EC0-301F-11D3-BF4B-00C04F79EFBC}") = "classess", "classess.csproj", "{2C93DD25-EE3C-4175-9AD3-CD28BC2FCEA1}"
EndProject
Global
	GlobalSection(SolutionConfigurationPlatforms) = preSolution
		Debug|Any CPU = Debug|Any CPU
		Release|Any CPU = Release|Any CPU
	EndGlobalSection
	GlobalSection(ProjectConfigurationPlatforms) = postSolution
		{2C93DD25-EE3C-4175-9AD3-CD28BC2FCEA1}.Debug|Any CPU.ActiveCfg = Debug|Any CPU
		{2C93DD25-EE3C-4175-9AD3-CD28BC2FCEA1}.Debug|Any CPU.Build.0 = Debug|Any CPU
		{2C93DD25-EE3C-4175-9AD3-CD28BC2FCEA1}.Release|Any CPU.ActiveCfg = Release|Any CPU
		{2C93DD25-EE3C-4175-9AD3-CD28BC2FCEA1}.Release|Any CPU.Build.0 = Release|Any CPU
	EndGlobalSection
	GlobalSection(SolutionProperties) = preSolution
		HideSolutionNode = FALSE
	EndGlobalSection
	GlobalSection(ExtensibilityGlobals) = postSolution
		SolutionGuid = {5EC72A6A-33AE-4333-83A3-465568A41A66}
	EndGlobalSection
EndGlobal
