
Microsoft Visual Studio Solution File, Format Version 12.00
# Visual Studio Version 17
VisualStudioVersion = 17.11.35312.102
MinimumVisualStudioVersion = 10.0.40219.1
Project("{FAE04EC0-301F-11D3-BF4B-00C04F79EFBC}") = "AsyncFactorialApp", "AsyncFactorialApp.csproj", "{899E1E46-6E12-4FDD-8D28-5C2CE1EA97F1}"
EndProject
Global
	GlobalSection(SolutionConfigurationPlatforms) = preSolution
		Debug|Any CPU = Debug|Any CPU
		Release|Any CPU = Release|Any CPU
	EndGlobalSection
	GlobalSection(ProjectConfigurationPlatforms) = postSolution
		{899E1E46-6E12-4FDD-8D28-5C2CE1EA97F1}.Debug|Any CPU.ActiveCfg = Debug|Any CPU
		{899E1E46-6E12-4FDD-8D28-5C2CE1EA97F1}.Debug|Any CPU.Build.0 = Debug|Any CPU
		{899E1E46-6E12-4FDD-8D28-5C2CE1EA97F1}.Release|Any CPU.ActiveCfg = Release|Any CPU
		{899E1E46-6E12-4FDD-8D28-5C2CE1EA97F1}.Release|Any CPU.Build.0 = Release|Any CPU
	EndGlobalSection
	GlobalSection(SolutionProperties) = preSolution
		HideSolutionNode = FALSE
	EndGlobalSection
	GlobalSection(ExtensibilityGlobals) = postSolution
		SolutionGuid = {A35BA649-23E3-4557-A924-890095DBE739}
	EndGlobalSection
EndGlobal
