
Microsoft Visual Studio Solution File, Format Version 12.00
# Visual Studio Version 17
VisualStudioVersion = 17.11.35312.102
MinimumVisualStudioVersion = 10.0.40219.1
Project("{FAE04EC0-301F-11D3-BF4B-00C04F79EFBC}") = "array_rows", "array_rows.csproj", "{EE593444-1C63-4BAF-95A9-2A148D800AB6}"
EndProject
Global
	GlobalSection(SolutionConfigurationPlatforms) = preSolution
		Debug|Any CPU = Debug|Any CPU
		Release|Any CPU = Release|Any CPU
	EndGlobalSection
	GlobalSection(ProjectConfigurationPlatforms) = postSolution
		{EE593444-1C63-4BAF-95A9-2A148D800AB6}.Debug|Any CPU.ActiveCfg = Debug|Any CPU
		{EE593444-1C63-4BAF-95A9-2A148D800AB6}.Debug|Any CPU.Build.0 = Debug|Any CPU
		{EE593444-1C63-4BAF-95A9-2A148D800AB6}.Release|Any CPU.ActiveCfg = Release|Any CPU
		{EE593444-1C63-4BAF-95A9-2A148D800AB6}.Release|Any CPU.Build.0 = Release|Any CPU
	EndGlobalSection
	GlobalSection(SolutionProperties) = preSolution
		HideSolutionNode = FALSE
	EndGlobalSection
	GlobalSection(ExtensibilityGlobals) = postSolution
		SolutionGuid = {5C8DEEA7-2D32-4611-8E6F-01FDD1F03922}
	EndGlobalSection
EndGlobal
